
Microsoft Visual Studio Solution File, Format Version 12.00
# Visual Studio 15
VisualStudioVersion = 15.0.28010.2050
MinimumVisualStudioVersion = 10.0.40219.1
Project("{FAE04EC0-301F-11D3-BF4B-00C04F79EFBC}") = "zoo", "zoo\zoo.csproj", "{7D7BB620-AD4F-4632-8945-5840DEB45DE0}"
EndProject
Global
	GlobalSection(SolutionConfigurationPlatforms) = preSolution
		Debug|Any CPU = Debug|Any CPU
		Release|Any CPU = Release|Any CPU
	EndGlobalSection
	GlobalSection(ProjectConfigurationPlatforms) = postSolution
		{7D7BB620-AD4F-4632-8945-5840DEB45DE0}.Debug|Any CPU.ActiveCfg = Debug|Any CPU
		{7D7BB620-AD4F-4632-8945-5840DEB45DE0}.Debug|Any CPU.Build.0 = Debug|Any CPU
		{7D7BB620-AD4F-4632-8945-5840DEB45DE0}.Release|Any CPU.ActiveCfg = Release|Any CPU
		{7D7BB620-AD4F-4632-8945-5840DEB45DE0}.Release|Any CPU.Build.0 = Release|Any CPU
	EndGlobalSection
	GlobalSection(SolutionProperties) = preSolution
		HideSolutionNode = FALSE
	EndGlobalSection
	GlobalSection(ExtensibilityGlobals) = postSolution
		SolutionGuid = {DDA4C3F5-55D3-45E1-9969-2D0665240DDC}
	EndGlobalSection
EndGlobal
